
Microsoft Visual Studio Solution File, Format Version 12.00
# Visual Studio Version 17
VisualStudioVersion = 17.8.34511.84
MinimumVisualStudioVersion = 10.0.40219.1
Project("{9A19103F-16F7-4668-BE54-9A1E7A4F7556}") = "balatro-mobile-maker", "balatro-mobile-maker\balatro-mobile-maker.csproj", "{D5B953E7-5FE2-4452-9A03-F40371331D96}"
EndProject
Global
	GlobalSection(SolutionConfigurationPlatforms) = preSolution
		Debug|Any CPU = Debug|Any CPU
		Release|Any CPU = Release|Any CPU
	EndGlobalSection
	GlobalSection(ProjectConfigurationPlatforms) = postSolution
		{D5B953E7-5FE2-4452-9A03-F40371331D96}.Debug|Any CPU.ActiveCfg = Debug|Any CPU
		{D5B953E7-5FE2-4452-9A03-F40371331D96}.Debug|Any CPU.Build.0 = Debug|Any CPU
		{D5B953E7-5FE2-4452-9A03-F40371331D96}.Release|Any CPU.ActiveCfg = Release|Any CPU
		{D5B953E7-5FE2-4452-9A03-F40371331D96}.Release|Any CPU.Build.0 = Release|Any CPU
	EndGlobalSection
	GlobalSection(SolutionProperties) = preSolution
		HideSolutionNode = FALSE
	EndGlobalSection
	GlobalSection(ExtensibilityGlobals) = postSolution
		SolutionGuid = {4904129F-FA56-4598-A996-E7DBCDD84C6A}
	EndGlobalSection
EndGlobal
